<?xml version="1.0" encoding="utf-8"?>
<Project ToolsVersion="4.0" xmlns="http://schemas.microsoft.com/developer/msbuild/2003">
  <ItemGroup>
    <Filter Include="源文件">
      <UniqueIdentifier>{4FC737F1-C7A5-4376-A066-2A32D752A2FF}</UniqueIdentifier>
      <Extensions>cpp;c;cc;cxx;c++;cppm;ixx;def;odl;idl;hpj;bat;asm;asmx</Extensions>
    </Filter>
    <Filter Include="头文件">
      <UniqueIdentifier>{93995380-89BD-4b04-88EB-625FBE52EBFB}</UniqueIdentifier>
      <Extensions>h;hh;hpp;hxx;h++;hm;inl;inc;ipp;xsd</Extensions>
    </Filter>
    <Filter Include="资源文件">
      <UniqueIdentifier>{67DA6AB6-F800-4c08-8B7A-83BB121AAD01}</UniqueIdentifier>
      <Extensions>rc;ico;cur;bmp;dlg;rc2;rct;bin;rgs;gif;jpg;jpeg;jpe;resx;tiff;tif;png;wav;mfcribbon-ms</Extensions>
    </Filter>
    <Filter Include="头文件\Base">
      <UniqueIdentifier>{328b2f95-e7a0-44b3-a98d-c7c86bd1684f}</UniqueIdentifier>
    </Filter>
    <Filter Include="源文件\Base">
      <UniqueIdentifier>{68f51433-11ac-4034-915e-298eee63e7ec}</UniqueIdentifier>
    </Filter>
    <Filter Include="源文件\Test">
      <UniqueIdentifier>{0fd6181c-a19e-4907-b26e-bca5a39d5337}</UniqueIdentifier>
    </Filter>
    <Filter Include="源文件\MVC">
      <UniqueIdentifier>{ab2c27e1-07fc-4395-bb4f-3336bf9941f2}</UniqueIdentifier>
    </Filter>
    <Filter Include="源文件\MVC\Models">
      <UniqueIdentifier>{0831e0eb-2f1f-4e90-b813-a5d0629b5621}</UniqueIdentifier>
    </Filter>
    <Filter Include="源文件\MVC\Views">
      <UniqueIdentifier>{1cadb1b2-02dc-4726-94c8-f253af957b08}</UniqueIdentifier>
    </Filter>
    <Filter Include="源文件\MVC\Controllers">
      <UniqueIdentifier>{e2b3a017-e659-4578-91ab-334166e29619}</UniqueIdentifier>
    </Filter>
    <Filter Include="源文件\Managers">
      <UniqueIdentifier>{90cfe119-e864-4bf5-977a-a42ee7132060}</UniqueIdentifier>
    </Filter>
    <Filter Include="头文件\Managers">
      <UniqueIdentifier>{20e014ff-5e5f-4e24-a071-f7f2bfc06e23}</UniqueIdentifier>
    </Filter>
    <Filter Include="头文件\MVC">
      <UniqueIdentifier>{be0c5571-7fcd-41f3-ba28-0a12b9231488}</UniqueIdentifier>
    </Filter>
    <Filter Include="头文件\MVC\Controllers">
      <UniqueIdentifier>{83145c9c-dc25-4e4a-8b3a-d3a28b12d146}</UniqueIdentifier>
    </Filter>
    <Filter Include="头文件\MVC\Views">
      <UniqueIdentifier>{98877ff2-abb6-4af5-94e2-8c8a9363e881}</UniqueIdentifier>
    </Filter>
    <Filter Include="头文件\MVC\Models">
      <UniqueIdentifier>{2002b5b9-36f1-4610-9210-17d77766d5c5}</UniqueIdentifier>
    </Filter>
    <Filter Include="源文件\Types">
      <UniqueIdentifier>{e2c92423-66a9-4b8f-af22-c1bfda9d8f0e}</UniqueIdentifier>
    </Filter>
    <Filter Include="头文件\MVC\Models\Pokemon">
      <UniqueIdentifier>{520e7ebf-1237-41f1-a5e6-b9d41c94f7e5}</UniqueIdentifier>
    </Filter>
    <Filter Include="源文件\MVC\Models\Pokemon">
      <UniqueIdentifier>{26452069-3048-4c2e-8355-7d1df9a471bf}</UniqueIdentifier>
    </Filter>
    <Filter Include="头文件\MVC\Views\Pokemon">
      <UniqueIdentifier>{ef2d3164-f9e2-499f-bfc4-e2cead60b595}</UniqueIdentifier>
    </Filter>
    <Filter Include="源文件\MVC\Views\Pokemon">
      <UniqueIdentifier>{07026add-c7e6-4132-a7d5-225a4aa211af}</UniqueIdentifier>
    </Filter>
  </ItemGroup>
  <ItemGroup>
    <ClCompile Include="Main.cpp">
      <Filter>源文件</Filter>
    </ClCompile>
    <ClCompile Include="PokemonModel.cpp">
      <Filter>源文件\MVC\Models\Pokemon</Filter>
    </ClCompile>
    <ClCompile Include="FirePokeModel.cpp">
      <Filter>源文件\MVC\Models\Pokemon</Filter>
    </ClCompile>
    <ClCompile Include="IcePokeModel.cpp">
      <Filter>源文件\MVC\Models\Pokemon</Filter>
    </ClCompile>
    <ClCompile Include="NaturePokeModel.cpp">
      <Filter>源文件\MVC\Models\Pokemon</Filter>
    </ClCompile>
    <ClCompile Include="PokemonView.cpp">
      <Filter>源文件\MVC\Views\Pokemon</Filter>
    </ClCompile>
    <ClCompile Include="FirePokeView.cpp">
      <Filter>源文件\MVC\Views\Pokemon</Filter>
    </ClCompile>
    <ClCompile Include="LogManager.cpp">
      <Filter>源文件\Managers</Filter>
    </ClCompile>
  </ItemGroup>
  <ItemGroup>
    <ClInclude Include="Singleton.h">
      <Filter>头文件\Base</Filter>
    </ClInclude>
    <ClInclude Include="PokemonModel.h">
      <Filter>头文件\MVC\Models\Pokemon</Filter>
    </ClInclude>
    <ClInclude Include="FirePokeModel.h">
      <Filter>头文件\MVC\Models\Pokemon</Filter>
    </ClInclude>
    <ClInclude Include="IcePokeModel.h">
      <Filter>头文件\MVC\Models\Pokemon</Filter>
    </ClInclude>
    <ClInclude Include="NaturePokeModel.h">
      <Filter>头文件\MVC\Models\Pokemon</Filter>
    </ClInclude>
    <ClInclude Include="PokemonView.h">
      <Filter>头文件\MVC\Views\Pokemon</Filter>
    </ClInclude>
    <ClInclude Include="FirePokeView.h">
      <Filter>头文件\MVC\Views\Pokemon</Filter>
    </ClInclude>
    <ClInclude Include="LogManager.h">
      <Filter>头文件\Managers</Filter>
    </ClInclude>
  </ItemGroup>
</Project>